github.com/deva-labs/univia v0.0.1 h1:X4kt3A08zjUTKjqs8tvy9teC5kMRcZ4Xds6fA4mEOO0=
github.com/deva-labs/univia v0.0.1/go.mod h1:TN5L+8xfy/GjpCBV01pk2t81yN0s94bd+jCxFKlZIeQ=
github.com/deva-labs/univia v0.0.2-alpha.1 h1:D0HdgkjD5PeVxFMWcxQRp3/pKqkZ/ZzgS9YsDLexg+c=
github.com/deva-labs/univia v0.0.2-alpha.1/go.mod h1:zOvB1qOcrC3w7OyagY0e5Vod69vKEFuUIWIZjgEzpVI=
